
Microsoft Visual Studio Solution File, Format Version 12.00
# Visual Studio 15
VisualStudioVersion = 15.0.27130.2027
MinimumVisualStudioVersion = 10.0.40219.1
Project("{FAE04EC0-301F-11D3-BF4B-00C04F79EFBC}") = "Server", "Server\Server.csproj", "{D5964AE0-A42C-41EE-9CEA-F6414219B993}"
EndProject
Project("{FAE04EC0-301F-11D3-BF4B-00C04F79EFBC}") = "Client", "Client\Client.csproj", "{62B60FE1-3F9F-426E-9A62-C17AAACB2228}"
EndProject
Project("{FAE04EC0-301F-11D3-BF4B-00C04F79EFBC}") = "Common", "Common\Common.csproj", "{469C3335-DB10-460C-A0D6-4F3747F2E9B2}"
EndProject
Project("{FAE04EC0-301F-11D3-BF4B-00C04F79EFBC}") = "ClientTest", "ClientTest\ClientTest.csproj", "{3DF3C89D-B575-40A7-BA84-81AAB290A0A1}"
EndProject
Global
	GlobalSection(SolutionConfigurationPlatforms) = preSolution
		Debug|Any CPU = Debug|Any CPU
		Release|Any CPU = Release|Any CPU
	EndGlobalSection
	GlobalSection(ProjectConfigurationPlatforms) = postSolution
		{D5964AE0-A42C-41EE-9CEA-F6414219B993}.Debug|Any CPU.ActiveCfg = Debug|Any CPU
		{D5964AE0-A42C-41EE-9CEA-F6414219B993}.Debug|Any CPU.Build.0 = Debug|Any CPU
		{D5964AE0-A42C-41EE-9CEA-F6414219B993}.Release|Any CPU.ActiveCfg = Release|Any CPU
		{D5964AE0-A42C-41EE-9CEA-F6414219B993}.Release|Any CPU.Build.0 = Release|Any CPU
		{62B60FE1-3F9F-426E-9A62-C17AAACB2228}.Debug|Any CPU.ActiveCfg = Debug|Any CPU
		{62B60FE1-3F9F-426E-9A62-C17AAACB2228}.Debug|Any CPU.Build.0 = Debug|Any CPU
		{62B60FE1-3F9F-426E-9A62-C17AAACB2228}.Release|Any CPU.ActiveCfg = Release|Any CPU
		{62B60FE1-3F9F-426E-9A62-C17AAACB2228}.Release|Any CPU.Build.0 = Release|Any CPU
		{469C3335-DB10-460C-A0D6-4F3747F2E9B2}.Debug|Any CPU.ActiveCfg = Debug|Any CPU
		{469C3335-DB10-460C-A0D6-4F3747F2E9B2}.Debug|Any CPU.Build.0 = Debug|Any CPU
		{469C3335-DB10-460C-A0D6-4F3747F2E9B2}.Release|Any CPU.ActiveCfg = Release|Any CPU
		{469C3335-DB10-460C-A0D6-4F3747F2E9B2}.Release|Any CPU.Build.0 = Release|Any CPU
		{3DF3C89D-B575-40A7-BA84-81AAB290A0A1}.Debug|Any CPU.ActiveCfg = Debug|Any CPU
		{3DF3C89D-B575-40A7-BA84-81AAB290A0A1}.Debug|Any CPU.Build.0 = Debug|Any CPU
		{3DF3C89D-B575-40A7-BA84-81AAB290A0A1}.Release|Any CPU.ActiveCfg = Release|Any CPU
		{3DF3C89D-B575-40A7-BA84-81AAB290A0A1}.Release|Any CPU.Build.0 = Release|Any CPU
	EndGlobalSection
	GlobalSection(SolutionProperties) = preSolution
		HideSolutionNode = FALSE
	EndGlobalSection
	GlobalSection(ExtensibilityGlobals) = postSolution
		SolutionGuid = {984CB784-B7DC-40F9-9E04-D58C172D8BF7}
	EndGlobalSection
EndGlobal
