
Microsoft Visual Studio Solution File, Format Version 12.00
# Visual Studio Version 16
VisualStudioVersion = 16.0.29306.81
MinimumVisualStudioVersion = 10.0.40219.1
Project("{FAE04EC0-301F-11D3-BF4B-00C04F79EFBC}") = "ZarinpalCallback", "ZarinpalCallback\ZarinpalCallback.csproj", "{F176CAD9-CB1C-43AA-BCB5-91C12423AF24}"
EndProject
Global
	GlobalSection(SolutionConfigurationPlatforms) = preSolution
		Debug|Any CPU = Debug|Any CPU
		Release|Any CPU = Release|Any CPU
	EndGlobalSection
	GlobalSection(ProjectConfigurationPlatforms) = postSolution
		{F176CAD9-CB1C-43AA-BCB5-91C12423AF24}.Debug|Any CPU.ActiveCfg = Debug|Any CPU
		{F176CAD9-CB1C-43AA-BCB5-91C12423AF24}.Debug|Any CPU.Build.0 = Debug|Any CPU
		{F176CAD9-CB1C-43AA-BCB5-91C12423AF24}.Release|Any CPU.ActiveCfg = Release|Any CPU
		{F176CAD9-CB1C-43AA-BCB5-91C12423AF24}.Release|Any CPU.Build.0 = Release|Any CPU
	EndGlobalSection
	GlobalSection(SolutionProperties) = preSolution
		HideSolutionNode = FALSE
	EndGlobalSection
	GlobalSection(ExtensibilityGlobals) = postSolution
		SolutionGuid = {1CAA8BBF-CEFA-4B47-BACA-225C30940D15}
	EndGlobalSection
EndGlobal
